Microsoft Visual Studio Solution File, Format Version 12.00
# Visual Studio Version 16
VisualStudioVersion = 16.0.29215.179
MinimumVisualStudioVersion = 10.0.40219.1
Project("{FAE04EC0-301F-11D3-BF4B-00C04F79EFBC}") = "QUTCal.Android", "QUTCal.Android\QUTCal.Android.csproj", "{19E0E0C0-AFEB-4FF3-89B5-09CEFCF81C6A}"
EndProject
Project("{FAE04EC0-301F-11D3-BF4B-00C04F79EFBC}") = "QUTCal.iOS", "QUTCal.iOS\QUTCal.iOS.csproj", "{7AB2B011-3FDB-4887-9B36-D0DC24C8C8AE}"
EndProject
Project("{9A19103F-16F7-4668-BE54-9A1E7A4F7556}") = "QUTCal", "QUTCal\QUTCal.csproj", "{6B881D98-DDFF-465D-AEB1-3ACF288E5600}"
EndProject
Global
	GlobalSection(SolutionConfigurationPlatforms) = preSolution
		Debug|Any CPU = Debug|Any CPU
		Debug|iPhone = Debug|iPhone
		Debug|iPhoneSimulator = Debug|iPhoneSimulator
		Release|Any CPU = Release|Any CPU
		Release|iPhone = Release|iPhone
		Release|iPhoneSimulator = Release|iPhoneSimulator
	EndGlobalSection
	GlobalSection(ProjectConfigurationPlatforms) = postSolution
		{19E0E0C0-AFEB-4FF3-89B5-09CEFCF81C6A}.Debug|Any CPU.ActiveCfg = Debug|Any CPU
		{19E0E0C0-AFEB-4FF3-89B5-09CEFCF81C6A}.Debug|Any CPU.Build.0 = Debug|Any CPU
		{19E0E0C0-AFEB-4FF3-89B5-09CEFCF81C6A}.Debug|Any CPU.Deploy.0 = Debug|Any CPU
		{19E0E0C0-AFEB-4FF3-89B5-09CEFCF81C6A}.Debug|iPhone.ActiveCfg = Debug|Any CPU
		{19E0E0C0-AFEB-4FF3-89B5-09CEFCF81C6A}.Debug|iPhone.Build.0 = Debug|Any CPU
		{19E0E0C0-AFEB-4FF3-89B5-09CEFCF81C6A}.Debug|iPhoneSimulator.ActiveCfg = Debug|Any CPU
		{19E0E0C0-AFEB-4FF3-89B5-09CEFCF81C6A}.Debug|iPhoneSimulator.Build.0 = Debug|Any CPU
		{19E0E0C0-AFEB-4FF3-89B5-09CEFCF81C6A}.Release|Any CPU.ActiveCfg = Release|Any CPU
		{19E0E0C0-AFEB-4FF3-89B5-09CEFCF81C6A}.Release|Any CPU.Build.0 = Release|Any CPU
		{19E0E0C0-AFEB-4FF3-89B5-09CEFCF81C6A}.Release|iPhone.ActiveCfg = Release|Any CPU
		{19E0E0C0-AFEB-4FF3-89B5-09CEFCF81C6A}.Release|iPhone.Build.0 = Release|Any CPU
		{19E0E0C0-AFEB-4FF3-89B5-09CEFCF81C6A}.Release|iPhoneSimulator.ActiveCfg = Release|Any CPU
		{19E0E0C0-AFEB-4FF3-89B5-09CEFCF81C6A}.Release|iPhoneSimulator.Build.0 = Release|Any CPU
		{7AB2B011-3FDB-4887-9B36-D0DC24C8C8AE}.Debug|Any CPU.ActiveCfg = Debug|iPhoneSimulator
		{7AB2B011-3FDB-4887-9B36-D0DC24C8C8AE}.Debug|iPhone.ActiveCfg = Debug|iPhone
		{7AB2B011-3FDB-4887-9B36-D0DC24C8C8AE}.Debug|iPhone.Build.0 = Debug|iPhone
		{7AB2B011-3FDB-4887-9B36-D0DC24C8C8AE}.Debug|iPhoneSimulator.ActiveCfg = Debug|iPhoneSimulator
		{7AB2B011-3FDB-4887-9B36-D0DC24C8C8AE}.Debug|iPhoneSimulator.Build.0 = Debug|iPhoneSimulator
		{7AB2B011-3FDB-4887-9B36-D0DC24C8C8AE}.Release|Any CPU.ActiveCfg = Release|iPhoneSimulator
		{7AB2B011-3FDB-4887-9B36-D0DC24C8C8AE}.Release|Any CPU.Build.0 = Release|iPhoneSimulator
		{7AB2B011-3FDB-4887-9B36-D0DC24C8C8AE}.Release|iPhone.ActiveCfg = Release|iPhone
		{7AB2B011-3FDB-4887-9B36-D0DC24C8C8AE}.Release|iPhone.Build.0 = Release|iPhone
		{7AB2B011-3FDB-4887-9B36-D0DC24C8C8AE}.Release|iPhoneSimulator.ActiveCfg = Release|iPhoneSimulator
		{7AB2B011-3FDB-4887-9B36-D0DC24C8C8AE}.Release|iPhoneSimulator.Build.0 = Release|iPhoneSimulator
		{6B881D98-DDFF-465D-AEB1-3ACF288E5600}.Debug|Any CPU.ActiveCfg = Debug|Any CPU
		{6B881D98-DDFF-465D-AEB1-3ACF288E5600}.Debug|Any CPU.Build.0 = Debug|Any CPU
		{6B881D98-DDFF-465D-AEB1-3ACF288E5600}.Debug|iPhone.ActiveCfg = Debug|Any CPU
		{6B881D98-DDFF-465D-AEB1-3ACF288E5600}.Debug|iPhone.Build.0 = Debug|Any CPU
		{6B881D98-DDFF-465D-AEB1-3ACF288E5600}.Debug|iPhoneSimulator.ActiveCfg = Debug|Any CPU
		{6B881D98-DDFF-465D-AEB1-3ACF288E5600}.Debug|iPhoneSimulator.Build.0 = Debug|Any CPU
		{6B881D98-DDFF-465D-AEB1-3ACF288E5600}.Release|Any CPU.ActiveCfg = Release|Any CPU
		{6B881D98-DDFF-465D-AEB1-3ACF288E5600}.Release|Any CPU.Build.0 = Release|Any CPU
		{6B881D98-DDFF-465D-AEB1-3ACF288E5600}.Release|iPhone.ActiveCfg = Release|Any CPU
		{6B881D98-DDFF-465D-AEB1-3ACF288E5600}.Release|iPhone.Build.0 = Release|Any CPU
		{6B881D98-DDFF-465D-AEB1-3ACF288E5600}.Release|iPhoneSimulator.ActiveCfg = Release|Any CPU
		{6B881D98-DDFF-465D-AEB1-3ACF288E5600}.Release|iPhoneSimulator.Build.0 = Release|Any CPU
	EndGlobalSection
	GlobalSection(SolutionProperties) = preSolution
		HideSolutionNode = FALSE
	EndGlobalSection
	GlobalSection(ExtensibilityGlobals) = postSolution
		SolutionGuid = {4322E061-4007-470E-B31C-2CAA06F0E7A9}
	EndGlobalSection
EndGlobal
